// !$*UTF8*$!
{
	archiveVersion = 1;
	classes = {
	};
	objectVersion = 51;
	objects = {

/* Begin PBXBuildFile section */
		6772FF76E1D12510D1D6F327 /* Pods_SShop.framework in Frameworks */ = {isa = PBXBuildFile; fileRef = 5787DC01EC9A1CD9221B2B99 /* Pods_SShop.framework */; };
		BC148CF42411FD5E00C9165F /* AccountDetailModule.swift in Sources */ = {isa = PBXBuildFile; fileRef = BC148CED2411FD5E00C9165F /* AccountDetailModule.swift */; };
		BC148CF52411FD5E00C9165F /* AccountDetailPresenter.swift in Sources */ = {isa = PBXBuildFile; fileRef = BC148CEE2411FD5E00C9165F /* AccountDetailPresenter.swift */; };
		BC148CF62411FD5E00C9165F /* AccountDetailRouter.swift in Sources */ = {isa = PBXBuildFile; fileRef = BC148CEF2411FD5E00C9165F /* AccountDetailRouter.swift */; };
		BC148CF72411FD5E00C9165F /* AccountDetailViewController.swift in Sources */ = {isa = PBXBuildFile; fileRef = BC148CF02411FD5E00C9165F /* AccountDetailViewController.swift */; };
		BC148CF82411FD5E00C9165F /* AccountDetailProtocols.swift in Sources */ = {isa = PBXBuildFile; fileRef = BC148CF12411FD5E00C9165F /* AccountDetailProtocols.swift */; };
		BC148CF92411FD5E00C9165F /* AccountDetailInteractor.swift in Sources */ = {isa = PBXBuildFile; fileRef = BC148CF22411FD5E00C9165F /* AccountDetailInteractor.swift */; };
		BC148CFA2411FD5E00C9165F /* AccountDetailViewController.xib in Resources */ = {isa = PBXBuildFile; fileRef = BC148CF32411FD5E00C9165F /* AccountDetailViewController.xib */; };
		BC25D32E240F62DB004AF620 /* STabBarItem.swift in Sources */ = {isa = PBXBuildFile; fileRef = BC25D32D240F62DB004AF620 /* STabBarItem.swift */; };
		BC275268241A240E00FDE0DC /* User.swift in Sources */ = {isa = PBXBuildFile; fileRef = BC275267241A240E00FDE0DC /* User.swift */; };
		BC2A40362418C986002D0F48 /* LoginModule.swift in Sources */ = {isa = PBXBuildFile; fileRef = BC2A402F2418C986002D0F48 /* LoginModule.swift */; };
		BC2A40372418C986002D0F48 /* LoginPresenter.swift in Sources */ = {isa = PBXBuildFile; fileRef = BC2A40302418C986002D0F48 /* LoginPresenter.swift */; };
		BC2A40382418C986002D0F48 /* LoginRouter.swift in Sources */ = {isa = PBXBuildFile; fileRef = BC2A40312418C986002D0F48 /* LoginRouter.swift */; };
		BC2A40392418C986002D0F48 /* LoginViewController.swift in Sources */ = {isa = PBXBuildFile; fileRef = BC2A40322418C986002D0F48 /* LoginViewController.swift */; };
		BC2A403A2418C986002D0F48 /* LoginProtocols.swift in Sources */ = {isa = PBXBuildFile; fileRef = BC2A40332418C986002D0F48 /* LoginProtocols.swift */; };
		BC2A403B2418C986002D0F48 /* LoginInteractor.swift in Sources */ = {isa = PBXBuildFile; fileRef = BC2A40342418C986002D0F48 /* LoginInteractor.swift */; };
		BC2A403C2418C986002D0F48 /* LoginViewController.xib in Resources */ = {isa = PBXBuildFile; fileRef = BC2A40352418C986002D0F48 /* LoginViewController.xib */; };
		BC4E848D240E3CFF00145BBE /* STabBarView.xib in Resources */ = {isa = PBXBuildFile; fileRef = BC4E848C240E3CFF00145BBE /* STabBarView.xib */; };
		BC4E848F240E5CDF00145BBE /* STabBarView.swift in Sources */ = {isa = PBXBuildFile; fileRef = BC4E848E240E5CDF00145BBE /* STabBarView.swift */; };
		BC729F1F2412578200E6FD44 /* AccountAlertTableViewCell.swift in Sources */ = {isa = PBXBuildFile; fileRef = BC729F1D2412578200E6FD44 /* AccountAlertTableViewCell.swift */; };
		BC729F202412578200E6FD44 /* AccountAlertTableViewCell.xib in Resources */ = {isa = PBXBuildFile; fileRef = BC729F1E2412578200E6FD44 /* AccountAlertTableViewCell.xib */; };
		BC74766023FA871D00F4E076 /* AppDelegate.swift in Sources */ = {isa = PBXBuildFile; fileRef = BC74765F23FA871D00F4E076 /* AppDelegate.swift */; };
		BC74766223FA871D00F4E076 /* SceneDelegate.swift in Sources */ = {isa = PBXBuildFile; fileRef = BC74766123FA871D00F4E076 /* SceneDelegate.swift */; };
		BC74766423FA871D00F4E076 /* ShopViewController.swift in Sources */ = {isa = PBXBuildFile; fileRef = BC74766323FA871D00F4E076 /* ShopViewController.swift */; };
		BC74766723FA871D00F4E076 /* Main.storyboard in Resources */ = {isa = PBXBuildFile; fileRef = BC74766523FA871D00F4E076 /* Main.storyboard */; };
		BC74766A23FA871D00F4E076 /* SShop.xcdatamodeld in Sources */ = {isa = PBXBuildFile; fileRef = BC74766823FA871D00F4E076 /* SShop.xcdatamodeld */; };
		BC74766C23FA871E00F4E076 /* Assets.xcassets in Resources */ = {isa = PBXBuildFile; fileRef = BC74766B23FA871E00F4E076 /* Assets.xcassets */; };
		BC74766F23FA871E00F4E076 /* LaunchScreen.storyboard in Resources */ = {isa = PBXBuildFile; fileRef = BC74766D23FA871E00F4E076 /* LaunchScreen.storyboard */; };
		BC74768123FA880100F4E076 /* HomeModule.swift in Sources */ = {isa = PBXBuildFile; fileRef = BC74767A23FA880100F4E076 /* HomeModule.swift */; };
		BC74768223FA880100F4E076 /* HomePresenter.swift in Sources */ = {isa = PBXBuildFile; fileRef = BC74767B23FA880100F4E076 /* HomePresenter.swift */; };
		BC74768323FA880100F4E076 /* HomeRouter.swift in Sources */ = {isa = PBXBuildFile; fileRef = BC74767C23FA880100F4E076 /* HomeRouter.swift */; };
		BC74768423FA880100F4E076 /* HomeViewController.swift in Sources */ = {isa = PBXBuildFile; fileRef = BC74767D23FA880100F4E076 /* HomeViewController.swift */; };
		BC74768523FA880100F4E076 /* HomeProtocols.swift in Sources */ = {isa = PBXBuildFile; fileRef = BC74767E23FA880100F4E076 /* HomeProtocols.swift */; };
		BC74768623FA880100F4E076 /* HomeInteractor.swift in Sources */ = {isa = PBXBuildFile; fileRef = BC74767F23FA880100F4E076 /* HomeInteractor.swift */; };
		BC74768723FA880100F4E076 /* HomeViewController.xib in Resources */ = {isa = PBXBuildFile; fileRef = BC74768023FA880100F4E076 /* HomeViewController.xib */; };
		BC74769123FA882C00F4E076 /* AccountModule.swift in Sources */ = {isa = PBXBuildFile; fileRef = BC74768A23FA882C00F4E076 /* AccountModule.swift */; };
		BC74769223FA882C00F4E076 /* AccountPresenter.swift in Sources */ = {isa = PBXBuildFile; fileRef = BC74768B23FA882C00F4E076 /* AccountPresenter.swift */; };
		BC74769323FA882C00F4E076 /* AccountRouter.swift in Sources */ = {isa = PBXBuildFile; fileRef = BC74768C23FA882C00F4E076 /* AccountRouter.swift */; };
		BC74769523FA882C00F4E076 /* AccountProtocols.swift in Sources */ = {isa = PBXBuildFile; fileRef = BC74768E23FA882C00F4E076 /* AccountProtocols.swift */; };
		BC74769623FA882C00F4E076 /* AccountInteractor.swift in Sources */ = {isa = PBXBuildFile; fileRef = BC74768F23FA882C00F4E076 /* AccountInteractor.swift */; };
		BC7476A823FAA08000F4E076 /* CustomUI.swift in Sources */ = {isa = PBXBuildFile; fileRef = BC7476A723FAA08000F4E076 /* CustomUI.swift */; };
		BC9116FC24308469006AA438 /* TabBarHandlerProtocol.swift in Sources */ = {isa = PBXBuildFile; fileRef = BC9116FB24308469006AA438 /* TabBarHandlerProtocol.swift */; };
		BCA077A7241F38BE00136F88 /* SLoginManager.swift in Sources */ = {isa = PBXBuildFile; fileRef = BCA077A6241F38BE00136F88 /* SLoginManager.swift */; };
		BCB3246D240FA3F1003EEF0A /* AccountViewController.swift in Sources */ = {isa = PBXBuildFile; fileRef = BCB3246B240FA3F1003EEF0A /* AccountViewController.swift */; };
		BCB3246E240FA3F1003EEF0A /* AccountViewController.xib in Resources */ = {isa = PBXBuildFile; fileRef = BCB3246C240FA3F1003EEF0A /* AccountViewController.xib */; };
		BCB32472240FA667003EEF0A /* AccountTableViewCell.swift in Sources */ = {isa = PBXBuildFile; fileRef = BCB32470240FA667003EEF0A /* AccountTableViewCell.swift */; };
		BCB32473240FA667003EEF0A /* AccountTableViewCell.xib in Resources */ = {isa = PBXBuildFile; fileRef = BCB32471240FA667003EEF0A /* AccountTableViewCell.xib */; };
		BCB32475240FAEE1003EEF0A /* AccountInfo.swift in Sources */ = {isa = PBXBuildFile; fileRef = BCB32474240FAEE1003EEF0A /* AccountInfo.swift */; };
		BCF6228C242DD02A00D54179 /* BaseViewController.swift in Sources */ = {isa = PBXBuildFile; fileRef = BCF6228B242DD02A00D54179 /* BaseViewController.swift */; };
/* End PBXBuildFile section */

/* Begin PBXFileReference section */
		04182367D3B80958D4211E61 /* Pods-SShop.debug.xcconfig */ = {isa = PBXFileReference; includeInIndex = 1; lastKnownFileType = text.xcconfig; name = "Pods-SShop.debug.xcconfig"; path = "Target Support Files/Pods-SShop/Pods-SShop.debug.xcconfig"; sourceTree = "<group>"; };
		3A8DF463111A94BB890D7BF7 /* Pods-SShop.release.xcconfig */ = {isa = PBXFileReference; includeInIndex = 1; lastKnownFileType = text.xcconfig; name = "Pods-SShop.release.xcconfig"; path = "Target Support Files/Pods-SShop/Pods-SShop.release.xcconfig"; sourceTree = "<group>"; };
		5787DC01EC9A1CD9221B2B99 /* Pods_SShop.framework */ = {isa = PBXFileReference; explicitFileType = wrapper.framework; includeInIndex = 0; path = Pods_SShop.framework; sourceTree = BUILT_PRODUCTS_DIR; };
		BC148CED2411FD5E00C9165F /* AccountDetailModule.swift */ = {isa = PBXFileReference; lastKnownFileType = sourcecode.swift; path = AccountDetailModule.swift; sourceTree = "<group>"; };
		BC148CEE2411FD5E00C9165F /* AccountDetailPresenter.swift */ = {isa = PBXFileReference; lastKnownFileType = sourcecode.swift; path = AccountDetailPresenter.swift; sourceTree = "<group>"; };
		BC148CEF2411FD5E00C9165F /* AccountDetailRouter.swift */ = {isa = PBXFileReference; lastKnownFileType = sourcecode.swift; path = AccountDetailRouter.swift; sourceTree = "<group>"; };
		BC148CF02411FD5E00C9165F /* AccountDetailViewController.swift */ = {isa = PBXFileReference; lastKnownFileType = sourcecode.swift; path = AccountDetailViewController.swift; sourceTree = "<group>"; };
		BC148CF12411FD5E00C9165F /* AccountDetailProtocols.swift */ = {isa = PBXFileReference; lastKnownFileType = sourcecode.swift; path = AccountDetailProtocols.swift; sourceTree = "<group>"; };
		BC148CF22411FD5E00C9165F /* AccountDetailInteractor.swift */ = {isa = PBXFileReference; lastKnownFileType = sourcecode.swift; path = AccountDetailInteractor.swift; sourceTree = "<group>"; };
		BC148CF32411FD5E00C9165F /* AccountDetailViewController.xib */ = {isa = PBXFileReference; lastKnownFileType = file.xib; path = AccountDetailViewController.xib; sourceTree = "<group>"; };
		BC25D32D240F62DB004AF620 /* STabBarItem.swift */ = {isa = PBXFileReference; lastKnownFileType = sourcecode.swift; path = STabBarItem.swift; sourceTree = "<group>"; };
		BC275267241A240E00FDE0DC /* User.swift */ = {isa = PBXFileReference; lastKnownFileType = sourcecode.swift; path = User.swift; sourceTree = "<group>"; };
		BC2A402F2418C986002D0F48 /* LoginModule.swift */ = {isa = PBXFileReference; lastKnownFileType = sourcecode.swift; path = LoginModule.swift; sourceTree = "<group>"; };
		BC2A40302418C986002D0F48 /* LoginPresenter.swift */ = {isa = PBXFileReference; lastKnownFileType = sourcecode.swift; path = LoginPresenter.swift; sourceTree = "<group>"; };
		BC2A40312418C986002D0F48 /* LoginRouter.swift */ = {isa = PBXFileReference; lastKnownFileType = sourcecode.swift; path = LoginRouter.swift; sourceTree = "<group>"; };
		BC2A40322418C986002D0F48 /* LoginViewController.swift */ = {isa = PBXFileReference; lastKnownFileType = sourcecode.swift; path = LoginViewController.swift; sourceTree = "<group>"; };
		BC2A40332418C986002D0F48 /* LoginProtocols.swift */ = {isa = PBXFileReference; lastKnownFileType = sourcecode.swift; path = LoginProtocols.swift; sourceTree = "<group>"; };
		BC2A40342418C986002D0F48 /* LoginInteractor.swift */ = {isa = PBXFileReference; lastKnownFileType = sourcecode.swift; path = LoginInteractor.swift; sourceTree = "<group>"; };
		BC2A40352418C986002D0F48 /* LoginViewController.xib */ = {isa = PBXFileReference; lastKnownFileType = file.xib; path = LoginViewController.xib; sourceTree = "<group>"; };
		BC4E848C240E3CFF00145BBE /* STabBarView.xib */ = {isa = PBXFileReference; lastKnownFileType = file.xib; path = STabBarView.xib; sourceTree = "<group>"; };
		BC4E848E240E5CDF00145BBE /* STabBarView.swift */ = {isa = PBXFileReference; lastKnownFileType = sourcecode.swift; path = STabBarView.swift; sourceTree = "<group>"; };
		BC729F1D2412578200E6FD44 /* AccountAlertTableViewCell.swift */ = {isa = PBXFileReference; lastKnownFileType = sourcecode.swift; path = AccountAlertTableViewCell.swift; sourceTree = "<group>"; };
		BC729F1E2412578200E6FD44 /* AccountAlertTableViewCell.xib */ = {isa = PBXFileReference; lastKnownFileType = file.xib; path = AccountAlertTableViewCell.xib; sourceTree = "<group>"; };
		BC74765C23FA871D00F4E076 /* SShop.app */ = {isa = PBXFileReference; explicitFileType = wrapper.application; includeInIndex = 0; path = SShop.app; sourceTree = BUILT_PRODUCTS_DIR; };
		BC74765F23FA871D00F4E076 /* AppDelegate.swift */ = {isa = PBXFileReference; lastKnownFileType = sourcecode.swift; path = AppDelegate.swift; sourceTree = "<group>"; };
		BC74766123FA871D00F4E076 /* SceneDelegate.swift */ = {isa = PBXFileReference; lastKnownFileType = sourcecode.swift; path = SceneDelegate.swift; sourceTree = "<group>"; };
		BC74766323FA871D00F4E076 /* ShopViewController.swift */ = {isa = PBXFileReference; lastKnownFileType = sourcecode.swift; path = ShopViewController.swift; sourceTree = "<group>"; };
		BC74766623FA871D00F4E076 /* Base */ = {isa = PBXFileReference; lastKnownFileType = file.storyboard; name = Base; path = Base.lproj/Main.storyboard; sourceTree = "<group>"; };
		BC74766923FA871D00F4E076 /* SShop.xcdatamodel */ = {isa = PBXFileReference; lastKnownFileType = wrapper.xcdatamodel; path = SShop.xcdatamodel; sourceTree = "<group>"; };
		BC74766B23FA871E00F4E076 /* Assets.xcassets */ = {isa = PBXFileReference; lastKnownFileType = folder.assetcatalog; path = Assets.xcassets; sourceTree = "<group>"; };
		BC74766E23FA871E00F4E076 /* Base */ = {isa = PBXFileReference; lastKnownFileType = file.storyboard; name = Base; path = Base.lproj/LaunchScreen.storyboard; sourceTree = "<group>"; };
		BC74767023FA871E00F4E076 /* Info.plist */ = {isa = PBXFileReference; lastKnownFileType = text.plist.xml; path = Info.plist; sourceTree = "<group>"; };
		BC74767A23FA880100F4E076 /* HomeModule.swift */ = {isa = PBXFileReference; lastKnownFileType = sourcecode.swift; path = HomeModule.swift; sourceTree = "<group>"; };
		BC74767B23FA880100F4E076 /* HomePresenter.swift */ = {isa = PBXFileReference; lastKnownFileType = sourcecode.swift; path = HomePresenter.swift; sourceTree = "<group>"; };
		BC74767C23FA880100F4E076 /* HomeRouter.swift */ = {isa = PBXFileReference; lastKnownFileType = sourcecode.swift; path = HomeRouter.swift; sourceTree = "<group>"; };
		BC74767D23FA880100F4E076 /* HomeViewController.swift */ = {isa = PBXFileReference; lastKnownFileType = sourcecode.swift; path = HomeViewController.swift; sourceTree = "<group>"; };
		BC74767E23FA880100F4E076 /* HomeProtocols.swift */ = {isa = PBXFileReference; lastKnownFileType = sourcecode.swift; path = HomeProtocols.swift; sourceTree = "<group>"; };
		BC74767F23FA880100F4E076 /* HomeInteractor.swift */ = {isa = PBXFileReference; lastKnownFileType = sourcecode.swift; path = HomeInteractor.swift; sourceTree = "<group>"; };
		BC74768023FA880100F4E076 /* HomeViewController.xib */ = {isa = PBXFileReference; lastKnownFileType = file.xib; path = HomeViewController.xib; sourceTree = "<group>"; };
		BC74768A23FA882C00F4E076 /* AccountModule.swift */ = {isa = PBXFileReference; lastKnownFileType = sourcecode.swift; path = AccountModule.swift; sourceTree = "<group>"; };
		BC74768B23FA882C00F4E076 /* AccountPresenter.swift */ = {isa = PBXFileReference; lastKnownFileType = sourcecode.swift; path = AccountPresenter.swift; sourceTree = "<group>"; };
		BC74768C23FA882C00F4E076 /* AccountRouter.swift */ = {isa = PBXFileReference; lastKnownFileType = sourcecode.swift; path = AccountRouter.swift; sourceTree = "<group>"; };
		BC74768E23FA882C00F4E076 /* AccountProtocols.swift */ = {isa = PBXFileReference; lastKnownFileType = sourcecode.swift; path = AccountProtocols.swift; sourceTree = "<group>"; };
		BC74768F23FA882C00F4E076 /* AccountInteractor.swift */ = {isa = PBXFileReference; lastKnownFileType = sourcecode.swift; path = AccountInteractor.swift; sourceTree = "<group>"; };
		BC7476A723FAA08000F4E076 /* CustomUI.swift */ = {isa = PBXFileReference; lastKnownFileType = sourcecode.swift; path = CustomUI.swift; sourceTree = "<group>"; };
		BC9116FB24308469006AA438 /* TabBarHandlerProtocol.swift */ = {isa = PBXFileReference; lastKnownFileType = sourcecode.swift; path = TabBarHandlerProtocol.swift; sourceTree = "<group>"; };
		BCA077A6241F38BE00136F88 /* SLoginManager.swift */ = {isa = PBXFileReference; lastKnownFileType = sourcecode.swift; path = SLoginManager.swift; sourceTree = "<group>"; };
		BCB3246B240FA3F1003EEF0A /* AccountViewController.swift */ = {isa = PBXFileReference; lastKnownFileType = sourcecode.swift; path = AccountViewController.swift; sourceTree = "<group>"; };
		BCB3246C240FA3F1003EEF0A /* AccountViewController.xib */ = {isa = PBXFileReference; lastKnownFileType = file.xib; path = AccountViewController.xib; sourceTree = "<group>"; };
		BCB32470240FA667003EEF0A /* AccountTableViewCell.swift */ = {isa = PBXFileReference; lastKnownFileType = sourcecode.swift; path = AccountTableViewCell.swift; sourceTree = "<group>"; };
		BCB32471240FA667003EEF0A /* AccountTableViewCell.xib */ = {isa = PBXFileReference; lastKnownFileType = file.xib; path = AccountTableViewCell.xib; sourceTree = "<group>"; };
		BCB32474240FAEE1003EEF0A /* AccountInfo.swift */ = {isa = PBXFileReference; lastKnownFileType = sourcecode.swift; path = AccountInfo.swift; sourceTree = "<group>"; };
		BCF6228B242DD02A00D54179 /* BaseViewController.swift */ = {isa = PBXFileReference; lastKnownFileType = sourcecode.swift; path = BaseViewController.swift; sourceTree = "<group>"; };
/* End PBXFileReference section */

/* Begin PBXFrameworksBuildPhase section */
		BC74765923FA871D00F4E076 /* Frameworks */ = {
			isa = PBXFrameworksBuildPhase;
			buildActionMask = 2147483647;
			files = (
				6772FF76E1D12510D1D6F327 /* Pods_SShop.framework in Frameworks */,
			);
			runOnlyForDeploymentPostprocessing = 0;
		};
/* End PBXFrameworksBuildPhase section */

/* Begin PBXGroup section */
		56CE193A2DF5844B019033D9 /* Pods */ = {
			isa = PBXGroup;
			children = (
				04182367D3B80958D4211E61 /* Pods-SShop.debug.xcconfig */,
				3A8DF463111A94BB890D7BF7 /* Pods-SShop.release.xcconfig */,
			);
			path = Pods;
			sourceTree = "<group>";
		};
		8881F464AA02142C55E98EC2 /* Frameworks */ = {
			isa = PBXGroup;
			children = (
				5787DC01EC9A1CD9221B2B99 /* Pods_SShop.framework */,
			);
			name = Frameworks;
			sourceTree = "<group>";
		};
		BC148CFB2411FD6700C9165F /* AccountDetail */ = {
			isa = PBXGroup;
			children = (
				BC148CED2411FD5E00C9165F /* AccountDetailModule.swift */,
				BC148CEE2411FD5E00C9165F /* AccountDetailPresenter.swift */,
				BC148CEF2411FD5E00C9165F /* AccountDetailRouter.swift */,
				BC148CF12411FD5E00C9165F /* AccountDetailProtocols.swift */,
				BC148CF22411FD5E00C9165F /* AccountDetailInteractor.swift */,
				BC148CFC2411FD8000C9165F /* View */,
			);
			path = AccountDetail;
			sourceTree = "<group>";
		};
		BC148CFC2411FD8000C9165F /* View */ = {
			isa = PBXGroup;
			children = (
				BC148CF02411FD5E00C9165F /* AccountDetailViewController.swift */,
				BC148CF32411FD5E00C9165F /* AccountDetailViewController.xib */,
			);
			path = View;
			sourceTree = "<group>";
		};
		BC27524C2419E3FC00FDE0DC /* Model */ = {
			isa = PBXGroup;
			children = (
				BC74766823FA871D00F4E076 /* SShop.xcdatamodeld */,
				BC275267241A240E00FDE0DC /* User.swift */,
			);
			path = Model;
			sourceTree = "<group>";
		};
		BC2A403D2418C98E002D0F48 /* Login */ = {
			isa = PBXGroup;
			children = (
				BC2A402F2418C986002D0F48 /* LoginModule.swift */,
				BC2A40302418C986002D0F48 /* LoginPresenter.swift */,
				BC2A40312418C986002D0F48 /* LoginRouter.swift */,
				BC2A40332418C986002D0F48 /* LoginProtocols.swift */,
				BC2A40342418C986002D0F48 /* LoginInteractor.swift */,
				BC2A403E2418C9A5002D0F48 /* View */,
			);
			path = Login;
			sourceTree = "<group>";
		};
		BC2A403E2418C9A5002D0F48 /* View */ = {
			isa = PBXGroup;
			children = (
				BC2A40322418C986002D0F48 /* LoginViewController.swift */,
				BC2A40352418C986002D0F48 /* LoginViewController.xib */,
			);
			path = View;
			sourceTree = "<group>";
		};
		BC729F212412578700E6FD44 /* AccountAlertTableViewCell */ = {
			isa = PBXGroup;
			children = (
				BC729F1D2412578200E6FD44 /* AccountAlertTableViewCell.swift */,
				BC729F1E2412578200E6FD44 /* AccountAlertTableViewCell.xib */,
			);
			path = AccountAlertTableViewCell;
			sourceTree = "<group>";
		};
		BC74765323FA871D00F4E076 = {
			isa = PBXGroup;
			children = (
				BC74765E23FA871D00F4E076 /* SShop */,
				BC74765D23FA871D00F4E076 /* Products */,
				56CE193A2DF5844B019033D9 /* Pods */,
				8881F464AA02142C55E98EC2 /* Frameworks */,
			);
			sourceTree = "<group>";
		};
		BC74765D23FA871D00F4E076 /* Products */ = {
			isa = PBXGroup;
			children = (
				BC74765C23FA871D00F4E076 /* SShop.app */,
			);
			name = Products;
			sourceTree = "<group>";
		};
		BC74765E23FA871D00F4E076 /* SShop */ = {
			isa = PBXGroup;
			children = (
				BC27524C2419E3FC00FDE0DC /* Model */,
				BC74767923FA87C000F4E076 /* Modules */,
				BC74767823FA879500F4E076 /* Views */,
				BC74767723FA874800F4E076 /* Resources */,
				BC74767023FA871E00F4E076 /* Info.plist */,
			);
			path = SShop;
			sourceTree = "<group>";
		};
		BC74767723FA874800F4E076 /* Resources */ = {
			isa = PBXGroup;
			children = (
				BC74765F23FA871D00F4E076 /* AppDelegate.swift */,
				BC74766123FA871D00F4E076 /* SceneDelegate.swift */,
				BC74766323FA871D00F4E076 /* ShopViewController.swift */,
				BC74766523FA871D00F4E076 /* Main.storyboard */,
				BC74766B23FA871E00F4E076 /* Assets.xcassets */,
				BC74766D23FA871E00F4E076 /* LaunchScreen.storyboard */,
			);
			path = Resources;
			sourceTree = "<group>";
		};
		BC74767823FA879500F4E076 /* Views */ = {
			isa = PBXGroup;
			children = (
				BCF6228B242DD02A00D54179 /* BaseViewController.swift */,
				BC7476A723FAA08000F4E076 /* CustomUI.swift */,
				BC729F212412578700E6FD44 /* AccountAlertTableViewCell */,
				BCB3246F240FA5D4003EEF0A /* AccountTableViewCell */,
				BC74769A23FA889E00F4E076 /* TabBar */,
			);
			path = Views;
			sourceTree = "<group>";
		};
		BC74767923FA87C000F4E076 /* Modules */ = {
			isa = PBXGroup;
			children = (
				BC74768923FA881500F4E076 /* Account */,
				BC74768823FA880900F4E076 /* Home */,
				BC148CFB2411FD6700C9165F /* AccountDetail */,
				BC2A403D2418C98E002D0F48 /* Login */,
				BC9116FB24308469006AA438 /* TabBarHandlerProtocol.swift */,
			);
			path = Modules;
			sourceTree = "<group>";
		};
		BC74768823FA880900F4E076 /* Home */ = {
			isa = PBXGroup;
			children = (
				BC74767A23FA880100F4E076 /* HomeModule.swift */,
				BC74767B23FA880100F4E076 /* HomePresenter.swift */,
				BC74767C23FA880100F4E076 /* HomeRouter.swift */,
				BC74767E23FA880100F4E076 /* HomeProtocols.swift */,
				BC74767F23FA880100F4E076 /* HomeInteractor.swift */,
				BC74769823FA883900F4E076 /* View */,
			);
			path = Home;
			sourceTree = "<group>";
		};
		BC74768923FA881500F4E076 /* Account */ = {
			isa = PBXGroup;
			children = (
				BCA077A6241F38BE00136F88 /* SLoginManager.swift */,
				BC74768A23FA882C00F4E076 /* AccountModule.swift */,
				BC74768B23FA882C00F4E076 /* AccountPresenter.swift */,
				BC74768C23FA882C00F4E076 /* AccountRouter.swift */,
				BC74768E23FA882C00F4E076 /* AccountProtocols.swift */,
				BC74768F23FA882C00F4E076 /* AccountInteractor.swift */,
				BC74769923FA886300F4E076 /* View */,
			);
			path = Account;
			sourceTree = "<group>";
		};
		BC74769823FA883900F4E076 /* View */ = {
			isa = PBXGroup;
			children = (
				BC74767D23FA880100F4E076 /* HomeViewController.swift */,
				BC74768023FA880100F4E076 /* HomeViewController.xib */,
			);
			path = View;
			sourceTree = "<group>";
		};
		BC74769923FA886300F4E076 /* View */ = {
			isa = PBXGroup;
			children = (
				BCB32474240FAEE1003EEF0A /* AccountInfo.swift */,
				BCB3246B240FA3F1003EEF0A /* AccountViewController.swift */,
				BCB3246C240FA3F1003EEF0A /* AccountViewController.xib */,
			);
			path = View;
			sourceTree = "<group>";
		};
		BC74769A23FA889E00F4E076 /* TabBar */ = {
			isa = PBXGroup;
			children = (
				BC4E848E240E5CDF00145BBE /* STabBarView.swift */,
				BC4E848C240E3CFF00145BBE /* STabBarView.xib */,
				BC25D32D240F62DB004AF620 /* STabBarItem.swift */,
			);
			path = TabBar;
			sourceTree = "<group>";
		};
		BCB3246F240FA5D4003EEF0A /* AccountTableViewCell */ = {
			isa = PBXGroup;
			children = (
				BCB32470240FA667003EEF0A /* AccountTableViewCell.swift */,
				BCB32471240FA667003EEF0A /* AccountTableViewCell.xib */,
			);
			path = AccountTableViewCell;
			sourceTree = "<group>";
		};
/* End PBXGroup section */

/* Begin PBXNativeTarget section */
		BC74765B23FA871D00F4E076 /* SShop */ = {
			isa = PBXNativeTarget;
			buildConfigurationList = BC74767323FA871E00F4E076 /* Build configuration list for PBXNativeTarget "SShop" */;
			buildPhases = (
				6B1992128A3947AAAE6E24D3 /* [CP] Check Pods Manifest.lock */,
				BC74765823FA871D00F4E076 /* Sources */,
				BC74765923FA871D00F4E076 /* Frameworks */,
				BC74765A23FA871D00F4E076 /* Resources */,
				6FD4D336992D7877B1E1EBFC /* [CP] Embed Pods Frameworks */,
				1F183EF6A29A7726CED3446B /* [CP] Copy Pods Resources */,
			);
			buildRules = (
			);
			dependencies = (
			);
			name = SShop;
			productName = SShop;
			productReference = BC74765C23FA871D00F4E076 /* SShop.app */;
			productType = "com.apple.product-type.application";
		};
/* End PBXNativeTarget section */

/* Begin PBXProject section */
		BC74765423FA871D00F4E076 /* Project object */ = {
			isa = PBXProject;
			attributes = {
				LastSwiftUpdateCheck = 1130;
				LastUpgradeCheck = 1130;
				ORGANIZATIONNAME = "Nguyen Xuan";
				TargetAttributes = {
					BC74765B23FA871D00F4E076 = {
						CreatedOnToolsVersion = 11.3.1;
					};
				};
			};
			buildConfigurationList = BC74765723FA871D00F4E076 /* Build configuration list for PBXProject "SShop" */;
			compatibilityVersion = "Xcode 9.3";
			developmentRegion = en;
			hasScannedForEncodings = 0;
			knownRegions = (
				en,
				Base,
			);
			mainGroup = BC74765323FA871D00F4E076;
			productRefGroup = BC74765D23FA871D00F4E076 /* Products */;
			projectDirPath = "";
			projectRoot = "";
			targets = (
				BC74765B23FA871D00F4E076 /* SShop */,
			);
		};
/* End PBXProject section */

/* Begin PBXResourcesBuildPhase section */
		BC74765A23FA871D00F4E076 /* Resources */ = {
			isa = PBXResourcesBuildPhase;
			buildActionMask = 2147483647;
			files = (
				BC2A403C2418C986002D0F48 /* LoginViewController.xib in Resources */,
				BC74766F23FA871E00F4E076 /* LaunchScreen.storyboard in Resources */,
				BC74766C23FA871E00F4E076 /* Assets.xcassets in Resources */,
				BC74766723FA871D00F4E076 /* Main.storyboard in Resources */,
				BC4E848D240E3CFF00145BBE /* STabBarView.xib in Resources */,
				BCB3246E240FA3F1003EEF0A /* AccountViewController.xib in Resources */,
				BCB32473240FA667003EEF0A /* AccountTableViewCell.xib in Resources */,
				BC74768723FA880100F4E076 /* HomeViewController.xib in Resources */,
				BC148CFA2411FD5E00C9165F /* AccountDetailViewController.xib in Resources */,
				BC729F202412578200E6FD44 /* AccountAlertTableViewCell.xib in Resources */,
			);
			runOnlyForDeploymentPostprocessing = 0;
		};
/* End PBXResourcesBuildPhase section */

/* Begin PBXShellScriptBuildPhase section */
		1F183EF6A29A7726CED3446B /* [CP] Copy Pods Resources */ = {
			isa = PBXShellScriptBuildPhase;
			buildActionMask = 2147483647;
			files = (
			);
			inputFileListPaths = (
				"${PODS_ROOT}/Target Support Files/Pods-SShop/Pods-SShop-resources-${CONFIGURATION}-input-files.xcfilelist",
			);
			name = "[CP] Copy Pods Resources";
			outputFileListPaths = (
				"${PODS_ROOT}/Target Support Files/Pods-SShop/Pods-SShop-resources-${CONFIGURATION}-output-files.xcfilelist",
			);
			runOnlyForDeploymentPostprocessing = 0;
			shellPath = /bin/sh;
			shellScript = "\"${PODS_ROOT}/Target Support Files/Pods-SShop/Pods-SShop-resources.sh\"\n";
			showEnvVarsInLog = 0;
		};
		6B1992128A3947AAAE6E24D3 /* [CP] Check Pods Manifest.lock */ = {
			isa = PBXShellScriptBuildPhase;
			buildActionMask = 2147483647;
			files = (
			);
			inputFileListPaths = (
			);
			inputPaths = (
				"${PODS_PODFILE_DIR_PATH}/Podfile.lock",
				"${PODS_ROOT}/Manifest.lock",
			);
			name = "[CP] Check Pods Manifest.lock";
			outputFileListPaths = (
			);
			outputPaths = (
				"$(DERIVED_FILE_DIR)/Pods-SShop-checkManifestLockResult.txt",
			);
			runOnlyForDeploymentPostprocessing = 0;
			shellPath = /bin/sh;
			shellScript = "diff \"${PODS_PODFILE_DIR_PATH}/Podfile.lock\" \"${PODS_ROOT}/Manifest.lock\" > /dev/null\nif [ $? != 0 ] ; then\n    # print error to STDERR\n    echo \"error: The sandbox is not in sync with the Podfile.lock. Run 'pod install' or update your CocoaPods installation.\" >&2\n    exit 1\nfi\n# This output is used by Xcode 'outputs' to avoid re-running this script phase.\necho \"SUCCESS\" > \"${SCRIPT_OUTPUT_FILE_0}\"\n";
			showEnvVarsInLog = 0;
		};
		6FD4D336992D7877B1E1EBFC /* [CP] Embed Pods Frameworks */ = {
			isa = PBXShellScriptBuildPhase;
			buildActionMask = 2147483647;
			files = (
			);
			inputFileListPaths = (
				"${PODS_ROOT}/Target Support Files/Pods-SShop/Pods-SShop-frameworks-${CONFIGURATION}-input-files.xcfilelist",
			);
			name = "[CP] Embed Pods Frameworks";
			outputFileListPaths = (
				"${PODS_ROOT}/Target Support Files/Pods-SShop/Pods-SShop-frameworks-${CONFIGURATION}-output-files.xcfilelist",
			);
			runOnlyForDeploymentPostprocessing = 0;
			shellPath = /bin/sh;
			shellScript = "\"${PODS_ROOT}/Target Support Files/Pods-SShop/Pods-SShop-frameworks.sh\"\n";
			showEnvVarsInLog = 0;
		};
/* End PBXShellScriptBuildPhase section */

/* Begin PBXSourcesBuildPhase section */
		BC74765823FA871D00F4E076 /* Sources */ = {
			isa = PBXSourcesBuildPhase;
			buildActionMask = 2147483647;
			files = (
				BC9116FC24308469006AA438 /* TabBarHandlerProtocol.swift in Sources */,
				BC2A403B2418C986002D0F48 /* LoginInteractor.swift in Sources */,
				BC74769323FA882C00F4E076 /* AccountRouter.swift in Sources */,
				BC148CF92411FD5E00C9165F /* AccountDetailInteractor.swift in Sources */,
				BC74769123FA882C00F4E076 /* AccountModule.swift in Sources */,
				BC74766423FA871D00F4E076 /* ShopViewController.swift in Sources */,
				BC74766023FA871D00F4E076 /* AppDelegate.swift in Sources */,
				BC25D32E240F62DB004AF620 /* STabBarItem.swift in Sources */,
				BCB32475240FAEE1003EEF0A /* AccountInfo.swift in Sources */,
				BC74768323FA880100F4E076 /* HomeRouter.swift in Sources */,
				BC74768623FA880100F4E076 /* HomeInteractor.swift in Sources */,
				BC148CF42411FD5E00C9165F /* AccountDetailModule.swift in Sources */,
				BCF6228C242DD02A00D54179 /* BaseViewController.swift in Sources */,
				BC74768423FA880100F4E076 /* HomeViewController.swift in Sources */,
				BC74768523FA880100F4E076 /* HomeProtocols.swift in Sources */,
				BC275268241A240E00FDE0DC /* User.swift in Sources */,
				BC2A40392418C986002D0F48 /* LoginViewController.swift in Sources */,
				BC148CF72411FD5E00C9165F /* AccountDetailViewController.swift in Sources */,
				BC74768123FA880100F4E076 /* HomeModule.swift in Sources */,
				BCA077A7241F38BE00136F88 /* SLoginManager.swift in Sources */,
				BC7476A823FAA08000F4E076 /* CustomUI.swift in Sources */,
				BC148CF62411FD5E00C9165F /* AccountDetailRouter.swift in Sources */,
				BC74769623FA882C00F4E076 /* AccountInteractor.swift in Sources */,
				BCB3246D240FA3F1003EEF0A /* AccountViewController.swift in Sources */,
				BC2A40362418C986002D0F48 /* LoginModule.swift in Sources */,
				BCB32472240FA667003EEF0A /* AccountTableViewCell.swift in Sources */,
				BC2A403A2418C986002D0F48 /* LoginProtocols.swift in Sources */,
				BC148CF52411FD5E00C9165F /* AccountDetailPresenter.swift in Sources */,
				BC74768223FA880100F4E076 /* HomePresenter.swift in Sources */,
				BC74769523FA882C00F4E076 /* AccountProtocols.swift in Sources */,
				BC729F1F2412578200E6FD44 /* AccountAlertTableViewCell.swift in Sources */,
				BC2A40382418C986002D0F48 /* LoginRouter.swift in Sources */,
				BC2A40372418C986002D0F48 /* LoginPresenter.swift in Sources */,
				BC74766223FA871D00F4E076 /* SceneDelegate.swift in Sources */,
				BC4E848F240E5CDF00145BBE /* STabBarView.swift in Sources */,
				BC74769223FA882C00F4E076 /* AccountPresenter.swift in Sources */,
				BC148CF82411FD5E00C9165F /* AccountDetailProtocols.swift in Sources */,
				BC74766A23FA871D00F4E076 /* SShop.xcdatamodeld in Sources */,
			);
			runOnlyForDeploymentPostprocessing = 0;
		};
/* End PBXSourcesBuildPhase section */

/* Begin PBXVariantGroup section */
		BC74766523FA871D00F4E076 /* Main.storyboard */ = {
			isa = PBXVariantGroup;
			children = (
				BC74766623FA871D00F4E076 /* Base */,
			);
			name = Main.storyboard;
			sourceTree = "<group>";
		};
		BC74766D23FA871E00F4E076 /* LaunchScreen.storyboard */ = {
			isa = PBXVariantGroup;
			children = (
				BC74766E23FA871E00F4E076 /* Base */,
			);
			name = LaunchScreen.storyboard;
			sourceTree = "<group>";
		};
/* End PBXVariantGroup section */

/* Begin XCBuildConfiguration section */
		BC74767123FA871E00F4E076 /* Debug */ = {
			isa = XCBuildConfiguration;
			buildSettings = {
				ALWAYS_SEARCH_USER_PATHS = NO;
				CLANG_ANALYZER_NONNULL = YES;
				CLANG_ANALYZER_NUMBER_OBJECT_CONVERSION = YES_AGGRESSIVE;
				CLANG_CXX_LANGUAGE_STANDARD = "gnu++14";
				CLANG_CXX_LIBRARY = "libc++";
				CLANG_ENABLE_MODULES = YES;
				CLANG_ENABLE_OBJC_ARC = YES;
				CLANG_ENABLE_OBJC_WEAK = YES;
				CLANG_WARN_BLOCK_CAPTURE_AUTORELEASING = YES;
				CLANG_WARN_BOOL_CONVERSION = YES;
				CLANG_WARN_COMMA = YES;
				CLANG_WARN_CONSTANT_CONVERSION = YES;
				CLANG_WARN_DEPRECATED_OBJC_IMPLEMENTATIONS = YES;
				CLANG_WARN_DIRECT_OBJC_ISA_USAGE = YES_ERROR;
				CLANG_WARN_DOCUMENTATION_COMMENTS = YES;
				CLANG_WARN_EMPTY_BODY = YES;
				CLANG_WARN_ENUM_CONVERSION = YES;
				CLANG_WARN_INFINITE_RECURSION = YES;
				CLANG_WARN_INT_CONVERSION = YES;
				CLANG_WARN_NON_LITERAL_NULL_CONVERSION = YES;
				CLANG_WARN_OBJC_IMPLICIT_RETAIN_SELF = YES;
				CLANG_WARN_OBJC_LITERAL_CONVERSION = YES;
				CLANG_WARN_OBJC_ROOT_CLASS = YES_ERROR;
				CLANG_WARN_RANGE_LOOP_ANALYSIS = YES;
				CLANG_WARN_STRICT_PROTOTYPES = YES;
				CLANG_WARN_SUSPICIOUS_MOVE = YES;
				CLANG_WARN_UNGUARDED_AVAILABILITY = YES_AGGRESSIVE;
				CLANG_WARN_UNREACHABLE_CODE = YES;
				CLANG_WARN__DUPLICATE_METHOD_MATCH = YES;
				COPY_PHASE_STRIP = NO;
				DEBUG_INFORMATION_FORMAT = dwarf;
				ENABLE_STRICT_OBJC_MSGSEND = YES;
				ENABLE_TESTABILITY = YES;
				GCC_C_LANGUAGE_STANDARD = gnu11;
				GCC_DYNAMIC_NO_PIC = NO;
				GCC_NO_COMMON_BLOCKS = YES;
				GCC_OPTIMIZATION_LEVEL = 0;
				GCC_PREPROCESSOR_DEFINITIONS = (
					"DEBUG=1",
					"$(inherited)",
				);
				GCC_WARN_64_TO_32_BIT_CONVERSION = YES;
				GCC_WARN_ABOUT_RETURN_TYPE = YES_ERROR;
				GCC_WARN_UNDECLARED_SELECTOR = YES;
				GCC_WARN_UNINITIALIZED_AUTOS = YES_AGGRESSIVE;
				GCC_WARN_UNUSED_FUNCTION = YES;
				GCC_WARN_UNUSED_VARIABLE = YES;
				IPHONEOS_DEPLOYMENT_TARGET = 13.2;
				MTL_ENABLE_DEBUG_INFO = INCLUDE_SOURCE;
				MTL_FAST_MATH = YES;
				ONLY_ACTIVE_ARCH = YES;
				SDKROOT = iphoneos;
				SWIFT_ACTIVE_COMPILATION_CONDITIONS = DEBUG;
				SWIFT_OPTIMIZATION_LEVEL = "-Onone";
			};
			name = Debug;
		};
		BC74767223FA871E00F4E076 /* Release */ = {
			isa = XCBuildConfiguration;
			buildSettings = {
				ALWAYS_SEARCH_USER_PATHS = NO;
				CLANG_ANALYZER_NONNULL = YES;
				CLANG_ANALYZER_NUMBER_OBJECT_CONVERSION = YES_AGGRESSIVE;
				CLANG_CXX_LANGUAGE_STANDARD = "gnu++14";
				CLANG_CXX_LIBRARY = "libc++";
				CLANG_ENABLE_MODULES = YES;
				CLANG_ENABLE_OBJC_ARC = YES;
				CLANG_ENABLE_OBJC_WEAK = YES;
				CLANG_WARN_BLOCK_CAPTURE_AUTORELEASING = YES;
				CLANG_WARN_BOOL_CONVERSION = YES;
				CLANG_WARN_COMMA = YES;
				CLANG_WARN_CONSTANT_CONVERSION = YES;
				CLANG_WARN_DEPRECATED_OBJC_IMPLEMENTATIONS = YES;
				CLANG_WARN_DIRECT_OBJC_ISA_USAGE = YES_ERROR;
				CLANG_WARN_DOCUMENTATION_COMMENTS = YES;
				CLANG_WARN_EMPTY_BODY = YES;
				CLANG_WARN_ENUM_CONVERSION = YES;
				CLANG_WARN_INFINITE_RECURSION = YES;
				CLANG_WARN_INT_CONVERSION = YES;
				CLANG_WARN_NON_LITERAL_NULL_CONVERSION = YES;
				CLANG_WARN_OBJC_IMPLICIT_RETAIN_SELF = YES;
				CLANG_WARN_OBJC_LITERAL_CONVERSION = YES;
				CLANG_WARN_OBJC_ROOT_CLASS = YES_ERROR;
				CLANG_WARN_RANGE_LOOP_ANALYSIS = YES;
				CLANG_WARN_STRICT_PROTOTYPES = YES;
				CLANG_WARN_SUSPICIOUS_MOVE = YES;
				CLANG_WARN_UNGUARDED_AVAILABILITY = YES_AGGRESSIVE;
				CLANG_WARN_UNREACHABLE_CODE = YES;
				CLANG_WARN__DUPLICATE_METHOD_MATCH = YES;
				COPY_PHASE_STRIP = NO;
				DEBUG_INFORMATION_FORMAT = "dwarf-with-dsym";
				ENABLE_NS_ASSERTIONS = NO;
				ENABLE_STRICT_OBJC_MSGSEND = YES;
				GCC_C_LANGUAGE_STANDARD = gnu11;
				GCC_NO_COMMON_BLOCKS = YES;
				GCC_WARN_64_TO_32_BIT_CONVERSION = YES;
				GCC_WARN_ABOUT_RETURN_TYPE = YES_ERROR;
				GCC_WARN_UNDECLARED_SELECTOR = YES;
				GCC_WARN_UNINITIALIZED_AUTOS = YES_AGGRESSIVE;
				GCC_WARN_UNUSED_FUNCTION = YES;
				GCC_WARN_UNUSED_VARIABLE = YES;
				IPHONEOS_DEPLOYMENT_TARGET = 13.2;
				MTL_ENABLE_DEBUG_INFO = NO;
				MTL_FAST_MATH = YES;
				SDKROOT = iphoneos;
				SWIFT_COMPILATION_MODE = wholemodule;
				SWIFT_OPTIMIZATION_LEVEL = "-O";
				VALIDATE_PRODUCT = YES;
			};
			name = Release;
		};
		BC74767423FA871E00F4E076 /* Debug */ = {
			isa = XCBuildConfiguration;
			baseConfigurationReference = 04182367D3B80958D4211E61 /* Pods-SShop.debug.xcconfig */;
			buildSettings = {
				ASSETCATALOG_COMPILER_APPICON_NAME = AppIcon;
				CODE_SIGN_STYLE = Automatic;
				DEVELOPMENT_TEAM = G3KBLKJ3UH;
				INFOPLIST_FILE = SShop/Info.plist;
				IPHONEOS_DEPLOYMENT_TARGET = 13.2;
				LD_RUNPATH_SEARCH_PATHS = (
					"$(inherited)",
					"@executable_path/Frameworks",
				);
				PRODUCT_BUNDLE_IDENTIFIER = suan.learn.SShop;
				PRODUCT_NAME = "$(TARGET_NAME)";
				SWIFT_VERSION = 5.0;
				TARGETED_DEVICE_FAMILY = 1;
			};
			name = Debug;
		};
		BC74767523FA871E00F4E076 /* Release */ = {
			isa = XCBuildConfiguration;
			baseConfigurationReference = 3A8DF463111A94BB890D7BF7 /* Pods-SShop.release.xcconfig */;
			buildSettings = {
				ASSETCATALOG_COMPILER_APPICON_NAME = AppIcon;
				CODE_SIGN_STYLE = Automatic;
				DEVELOPMENT_TEAM = G3KBLKJ3UH;
				INFOPLIST_FILE = SShop/Info.plist;
				IPHONEOS_DEPLOYMENT_TARGET = 13.2;
				LD_RUNPATH_SEARCH_PATHS = (
					"$(inherited)",
					"@executable_path/Frameworks",
				);
				PRODUCT_BUNDLE_IDENTIFIER = suan.learn.SShop;
				PRODUCT_NAME = "$(TARGET_NAME)";
				SWIFT_VERSION = 5.0;
				TARGETED_DEVICE_FAMILY = 1;
			};
			name = Release;
		};
/* End XCBuildConfiguration section */

/* Begin XCConfigurationList section */
		BC74765723FA871D00F4E076 /* Build configuration list for PBXProject "SShop" */ = {
			isa = XCConfigurationList;
			buildConfigurations = (
				BC74767123FA871E00F4E076 /* Debug */,
				BC74767223FA871E00F4E076 /* Release */,
			);
			defaultConfigurationIsVisible = 0;
			defaultConfigurationName = Release;
		};
		BC74767323FA871E00F4E076 /* Build configuration list for PBXNativeTarget "SShop" */ = {
			isa = XCConfigurationList;
			buildConfigurations = (
				BC74767423FA871E00F4E076 /* Debug */,
				BC74767523FA871E00F4E076 /* Release */,
			);
			defaultConfigurationIsVisible = 0;
			defaultConfigurationName = Release;
		};
/* End XCConfigurationList section */

/* Begin XCVersionGroup section */
		BC74766823FA871D00F4E076 /* SShop.xcdatamodeld */ = {
			isa = XCVersionGroup;
			children = (
				BC74766923FA871D00F4E076 /* SShop.xcdatamodel */,
			);
			currentVersion = BC74766923FA871D00F4E076 /* SShop.xcdatamodel */;
			path = SShop.xcdatamodeld;
			sourceTree = "<group>";
			versionGroupType = wrapper.xcdatamodel;
		};
/* End XCVersionGroup section */
	};
	rootObject = BC74765423FA871D00F4E076 /* Project object */;
}
